
Microsoft Visual Studio Solution File, Format Version 12.00
# Visual Studio Version 17
VisualStudioVersion = 17.12.35707.178 d17.12
MinimumVisualStudioVersion = 10.0.40219.1
Project("{FAE04EC0-301F-11D3-BF4B-00C04F79EFBC}") = "Projeto Revisao", "PROJETO REVISAO\Projeto Revisao.csproj", "{32432958-532B-4032-A789-D36144655C07}"
EndProject
Project("{FAE04EC0-301F-11D3-BF4B-00C04F79EFBC}") = "Exemplos", "Exemplos\Exemplos.csproj", "{68F36CB6-B587-45CE-A5AA-922C3736890E}"
EndProject
Project("{FAE04EC0-301F-11D3-BF4B-00C04F79EFBC}") = "Exercicios", "Exercicios\Exercicios.csproj", "{0AD28688-7822-431C-943D-D455CEB2FC4A}"
EndProject
Global
	GlobalSection(SolutionConfigurationPlatforms) = preSolution
		Debug|Any CPU = Debug|Any CPU
		Release|Any CPU = Release|Any CPU
	EndGlobalSection
	GlobalSection(ProjectConfigurationPlatforms) = postSolution
		{32432958-532B-4032-A789-D36144655C07}.Debug|Any CPU.ActiveCfg = Debug|Any CPU
		{32432958-532B-4032-A789-D36144655C07}.Debug|Any CPU.Build.0 = Debug|Any CPU
		{32432958-532B-4032-A789-D36144655C07}.Release|Any CPU.ActiveCfg = Release|Any CPU
		{32432958-532B-4032-A789-D36144655C07}.Release|Any CPU.Build.0 = Release|Any CPU
		{68F36CB6-B587-45CE-A5AA-922C3736890E}.Debug|Any CPU.ActiveCfg = Debug|Any CPU
		{68F36CB6-B587-45CE-A5AA-922C3736890E}.Debug|Any CPU.Build.0 = Debug|Any CPU
		{68F36CB6-B587-45CE-A5AA-922C3736890E}.Release|Any CPU.ActiveCfg = Release|Any CPU
		{68F36CB6-B587-45CE-A5AA-922C3736890E}.Release|Any CPU.Build.0 = Release|Any CPU
		{0AD28688-7822-431C-943D-D455CEB2FC4A}.Debug|Any CPU.ActiveCfg = Debug|Any CPU
		{0AD28688-7822-431C-943D-D455CEB2FC4A}.Debug|Any CPU.Build.0 = Debug|Any CPU
		{0AD28688-7822-431C-943D-D455CEB2FC4A}.Release|Any CPU.ActiveCfg = Release|Any CPU
		{0AD28688-7822-431C-943D-D455CEB2FC4A}.Release|Any CPU.Build.0 = Release|Any CPU
	EndGlobalSection
	GlobalSection(SolutionProperties) = preSolution
		HideSolutionNode = FALSE
	EndGlobalSection
EndGlobal
